PODS:
  - AgoraRtcEngine_iOS (3.3.1)
  - AgoraRtm_iOS (1.4.3)
  - InputBarAccessoryView (5.3.0):
    - InputBarAccessoryView/Core (= 5.3.0)
  - InputBarAccessoryView/Core (5.3.0)
  - MessageKit (3.5.1):
    - InputBarAccessoryView (~> 5.3.0)
  - Willow (6.0.0)

DEPENDENCIES:
  - AgoraRtcEngine_iOS
  - AgoraRtm_iOS
  - MessageKit
  - Willow

SPEC REPOS:
  trunk:
    - AgoraRtcEngine_iOS
    - AgoraRtm_iOS
    - InputBarAccessoryView
    - MessageKit
    - Willow

SPEC CHECKSUMS:
  AgoraRtcEngine_iOS: 17e55feec1bde14adc30fd9d743332d1e7821b62
  AgoraRtm_iOS: 178257883dd6773d3d26ca51045456c35221b715
  InputBarAccessoryView: 1638fc3336698eaead9cd83ff2da6c6218fcb6bc
  MessageKit: 6a15a240a9a4767279de542a8fae861e83d8aedc
  Willow: 8efe9bd7bb99b06fe017566848492748b763a0ac

PODFILE CHECKSUM: f5e0ec4fef2ffa248dcc357cb1556b4140e8a47e

COCOAPODS: 1.10.1
